
Microsoft Visual Studio Solution File, Format Version 12.00
# Visual Studio Version 17
VisualStudioVersion = 17.0.32112.339
MinimumVisualStudioVersion = 10.0.40219.1
Project("{9A19103F-16F7-4668-BE54-9A1E7A4F7556}") = "MyProjectCSharp", "MyProjectCSharp.csproj", "{536AA8F1-B80F-4794-B07F-AB8027B241C1}"
EndProject
Global
	GlobalSection(SolutionConfigurationPlatforms) = preSolution
		Debug|Any CPU = Debug|Any CPU
		Release|Any CPU = Release|Any CPU
	EndGlobalSection
	GlobalSection(ProjectConfigurationPlatforms) = postSolution
		{536AA8F1-B80F-4794-B07F-AB8027B241C1}.Debug|Any CPU.ActiveCfg = Debug|Any CPU
		{536AA8F1-B80F-4794-B07F-AB8027B241C1}.Debug|Any CPU.Build.0 = Debug|Any CPU
		{536AA8F1-B80F-4794-B07F-AB8027B241C1}.Release|Any CPU.ActiveCfg = Release|Any CPU
		{536AA8F1-B80F-4794-B07F-AB8027B241C1}.Release|Any CPU.Build.0 = Release|Any CPU
	EndGlobalSection
	GlobalSection(SolutionProperties) = preSolution
		HideSolutionNode = FALSE
	EndGlobalSection
	GlobalSection(ExtensibilityGlobals) = postSolution
		SolutionGuid = {B05BDC53-54F0-4DE6-AF3E-E5E5542DACE3}
	EndGlobalSection
EndGlobal
