
Microsoft Visual Studio Solution File, Format Version 12.00
# Visual Studio Version 17
VisualStudioVersion = 17.0.32112.339
MinimumVisualStudioVersion = 10.0.40219.1
Project("{9A19103F-16F7-4668-BE54-9A1E7A4F7556}") = "MyProjectCSharp", "MyProjectCSharp\MyProjectCSharp.csproj", "{98A16937-2F3B-480E-AC0C-D177DF2AAA70}"
EndProject
Global
	GlobalSection(SolutionConfigurationPlatforms) = preSolution
		Debug|Any CPU = Debug|Any CPU
		Release|Any CPU = Release|Any CPU
	EndGlobalSection
	GlobalSection(ProjectConfigurationPlatforms) = postSolution
		{98A16937-2F3B-480E-AC0C-D177DF2AAA70}.Debug|Any CPU.ActiveCfg = Debug|Any CPU
		{98A16937-2F3B-480E-AC0C-D177DF2AAA70}.Debug|Any CPU.Build.0 = Debug|Any CPU
		{98A16937-2F3B-480E-AC0C-D177DF2AAA70}.Release|Any CPU.ActiveCfg = Release|Any CPU
		{98A16937-2F3B-480E-AC0C-D177DF2AAA70}.Release|Any CPU.Build.0 = Release|Any CPU
	EndGlobalSection
	GlobalSection(SolutionProperties) = preSolution
		HideSolutionNode = FALSE
	EndGlobalSection
	GlobalSection(ExtensibilityGlobals) = postSolution
		SolutionGuid = {83223D5F-8901-43BA-A701-503A24900883}
	EndGlobalSection
EndGlobal
