
Microsoft Visual Studio Solution File, Format Version 12.00
# Visual Studio Version 17
VisualStudioVersion = 17.1.32210.238
MinimumVisualStudioVersion = 10.0.40219.1
Project("{FAE04EC0-301F-11D3-BF4B-00C04F79EFBC}") = "Collections", "Collections.csproj", "{9F845F2A-94B2-43F0-9592-BC91778A67ED}"
EndProject
Global
	GlobalSection(SolutionConfigurationPlatforms) = preSolution
		Debug|Any CPU = Debug|Any CPU
		Release|Any CPU = Release|Any CPU
	EndGlobalSection
	GlobalSection(ProjectConfigurationPlatforms) = postSolution
		{9F845F2A-94B2-43F0-9592-BC91778A67ED}.Debug|Any CPU.ActiveCfg = Debug|Any CPU
		{9F845F2A-94B2-43F0-9592-BC91778A67ED}.Debug|Any CPU.Build.0 = Debug|Any CPU
		{9F845F2A-94B2-43F0-9592-BC91778A67ED}.Release|Any CPU.ActiveCfg = Release|Any CPU
		{9F845F2A-94B2-43F0-9592-BC91778A67ED}.Release|Any CPU.Build.0 = Release|Any CPU
	EndGlobalSection
	GlobalSection(SolutionProperties) = preSolution
		HideSolutionNode = FALSE
	EndGlobalSection
	GlobalSection(ExtensibilityGlobals) = postSolution
		SolutionGuid = {46882A34-38DE-4B9D-AD9B-9DFD22B8CDB4}
	EndGlobalSection
EndGlobal
